
Microsoft Visual Studio Solution File, Format Version 12.00
# Visual Studio Version 16
VisualStudioVersion = 16.0.31702.278
MinimumVisualStudioVersion = 10.0.40219.1
Project("{FAE04EC0-301F-11D3-BF4B-00C04F79EFBC}") = "EAD_SumVariations", "EAD_SumVariations.csproj", "{77CC2F24-B992-4AB3-869F-7E37BC472471}"
EndProject
Global
	GlobalSection(SolutionConfigurationPlatforms) = preSolution
		Debug|Any CPU = Debug|Any CPU
		Release|Any CPU = Release|Any CPU
	EndGlobalSection
	GlobalSection(ProjectConfigurationPlatforms) = postSolution
		{77CC2F24-B992-4AB3-869F-7E37BC472471}.Debug|Any CPU.ActiveCfg = Debug|Any CPU
		{77CC2F24-B992-4AB3-869F-7E37BC472471}.Debug|Any CPU.Build.0 = Debug|Any CPU
		{77CC2F24-B992-4AB3-869F-7E37BC472471}.Release|Any CPU.ActiveCfg = Release|Any CPU
		{77CC2F24-B992-4AB3-869F-7E37BC472471}.Release|Any CPU.Build.0 = Release|Any CPU
	EndGlobalSection
	GlobalSection(SolutionProperties) = preSolution
		HideSolutionNode = FALSE
	EndGlobalSection
	GlobalSection(ExtensibilityGlobals) = postSolution
		SolutionGuid = {0B86052C-E2DE-4015-8105-35D9BED2EAC5}
	EndGlobalSection
EndGlobal
